<?xml version="1.0" encoding="utf-8"?>
<Project ToolsVersion="4.0" xmlns="http://schemas.microsoft.com/developer/msbuild/2003">
  <ItemGroup>
    <Filter Include="소스 파일">
      <UniqueIdentifier>{4FC737F1-C7A5-4376-A066-2A32D752A2FF}</UniqueIdentifier>
      <Extensions>cpp;c;cc;cxx;c++;cppm;ixx;def;odl;idl;hpj;bat;asm;asmx</Extensions>
    </Filter>
    <Filter Include="헤더 파일">
      <UniqueIdentifier>{93995380-89BD-4b04-88EB-625FBE52EBFB}</UniqueIdentifier>
      <Extensions>h;hh;hpp;hxx;h++;hm;inl;inc;ipp;xsd</Extensions>
    </Filter>
    <Filter Include="리소스 파일">
      <UniqueIdentifier>{67DA6AB6-F800-4c08-8B7A-83BB121AAD01}</UniqueIdentifier>
      <Extensions>rc;ico;cur;bmp;dlg;rc2;rct;bin;rgs;gif;jpg;jpeg;jpe;resx;tiff;tif;png;wav;mfcribbon-ms</Extensions>
    </Filter>
    <Filter Include="NewFilter1">
      <UniqueIdentifier>{03001fcf-cef2-4b87-bb27-16739018cd55}</UniqueIdentifier>
    </Filter>
  </ItemGroup>
  <ItemGroup>
    <ClCompile Include="main.cpp">
      <Filter>소스 파일</Filter>
    </ClCompile>
    <ClCompile Include="InputMgr.cpp">
      <Filter>NewFilter1</Filter>
    </ClCompile>
    <ClCompile Include="TextureHolder.cpp">
      <Filter>NewFilter1</Filter>
    </ClCompile>
    <ClCompile Include="Utils.cpp">
      <Filter>NewFilter1</Filter>
    </ClCompile>
    <ClCompile Include="Grid.cpp">
      <Filter>소스 파일</Filter>
    </ClCompile>
    <ClCompile Include="TileMap.cpp">
      <Filter>소스 파일</Filter>
    </ClCompile>
    <ClCompile Include="Map.cpp">
      <Filter>소스 파일</Filter>
    </ClCompile>
    <ClCompile Include="GUI.cpp">
      <Filter>소스 파일</Filter>
    </ClCompile>
    <ClCompile Include="Player.cpp">
      <Filter>소스 파일</Filter>
    </ClCompile>
    <ClCompile Include="Wall.cpp">
      <Filter>소스 파일</Filter>
    </ClCompile>
    <ClCompile Include="AnimationController.cpp">
      <Filter>NewFilter1</Filter>
    </ClCompile>
    <ClCompile Include="AnimationClip.cpp">
      <Filter>NewFilter1</Filter>
    </ClCompile>
    <ClCompile Include="Framework.cpp">
      <Filter>소스 파일</Filter>
    </ClCompile>
  </ItemGroup>
  <ItemGroup>
    <ClInclude Include="InputMgr.h">
      <Filter>NewFilter1</Filter>
    </ClInclude>
    <ClInclude Include="TextureHolder.h">
      <Filter>NewFilter1</Filter>
    </ClInclude>
    <ClInclude Include="Utils.h">
      <Filter>NewFilter1</Filter>
    </ClInclude>
    <ClInclude Include="Grid.h">
      <Filter>헤더 파일</Filter>
    </ClInclude>
    <ClInclude Include="rapidcsv.h">
      <Filter>헤더 파일</Filter>
    </ClInclude>
    <ClInclude Include="TileMap.h">
      <Filter>헤더 파일</Filter>
    </ClInclude>
    <ClInclude Include="Map.h">
      <Filter>헤더 파일</Filter>
    </ClInclude>
    <ClInclude Include="GUI.h">
      <Filter>헤더 파일</Filter>
    </ClInclude>
    <ClInclude Include="Player.h">
      <Filter>헤더 파일</Filter>
    </ClInclude>
    <ClInclude Include="Wall.h">
      <Filter>헤더 파일</Filter>
    </ClInclude>
    <ClInclude Include="AnimationClip.h">
      <Filter>NewFilter1</Filter>
    </ClInclude>
    <ClInclude Include="AnimationController.h">
      <Filter>NewFilter1</Filter>
    </ClInclude>
    <ClInclude Include="Framework.h">
      <Filter>헤더 파일</Filter>
    </ClInclude>
  </ItemGroup>
</Project>